{
  "name": "student",
  "version": "1.0.0",
  "lockfileVersion": 1,
  "requires": true,
  "dependencies": {
    "figlet": {
      "version": "1.2.3",
      "resolved": "https://registry.npmjs.org/figlet/-/figlet-1.2.3.tgz",
      "integrity": "sha512-+F5zdvZ66j77b8x2KCPvWUHC0UCKUMWrewxmewgPlagp3wmDpcrHMbyv/ygq/6xoxBPGQA+UJU3SMoBzKoROQQ==",
      "dev": true
    },
    "yarn": {
      "version": "1.17.3",
      "resolved": "https://registry.npmjs.org/yarn/-/yarn-1.17.3.tgz",
      "integrity": "sha512-CgA8o7nRZaQvmeF/WBx2FC7f9W/0X59T2IaLYqgMo6637wfp5mMEsM3YXoJtKUspnpmDJKl/gGFhnqS+sON7hA=="
    }
  }
}
